lockfileVersion: '9.0'

settings:
  autoInstallPeers: true
  excludeLinksFromLockfile: false

importers:

  .:
    devDependencies:
      php-parser:
        specifier: 3.2.5
        version: 3.2.5

packages:

  php-parser@3.2.5:
    resolution: {integrity: sha512-M1ZYlALFFnESbSdmRtTQrBFUHSriHgPhgqtTF/LCbZM4h7swR5PHtUceB2Kzby5CfqcsYwBn7OXTJ0+8Sajwkw==}

snapshots:

  php-parser@3.2.5: {}
